
Microsoft Visual Studio Solution File, Format Version 12.00
# Visual Studio 15
VisualStudioVersion = 15.0.27703.2042
MinimumVisualStudioVersion = 10.0.40219.1
Project("{FAE04EC0-301F-11D3-BF4B-00C04F79EFBC}") = "note", "note\note.csproj", "{6BCED074-432B-4590-8DDA-188F02E35803}"
EndProject
Global
	GlobalSection(SolutionConfigurationPlatforms) = preSolution
		Debug|Any CPU = Debug|Any CPU
		Release|Any CPU = Release|Any CPU
	EndGlobalSection
	GlobalSection(ProjectConfigurationPlatforms) = postSolution
		{6BCED074-432B-4590-8DDA-188F02E35803}.Debug|Any CPU.ActiveCfg = Debug|Any CPU
		{6BCED074-432B-4590-8DDA-188F02E35803}.Debug|Any CPU.Build.0 = Debug|Any CPU
		{6BCED074-432B-4590-8DDA-188F02E35803}.Release|Any CPU.ActiveCfg = Release|Any CPU
		{6BCED074-432B-4590-8DDA-188F02E35803}.Release|Any CPU.Build.0 = Release|Any CPU
	EndGlobalSection
	GlobalSection(SolutionProperties) = preSolution
		HideSolutionNode = FALSE
	EndGlobalSection
	GlobalSection(ExtensibilityGlobals) = postSolution
		SolutionGuid = {4CEA2516-CF60-40D3-BEB0-28B5148661D9}
	EndGlobalSection
EndGlobal
